
Microsoft Visual Studio Solution File, Format Version 12.00
# Visual Studio Version 17
VisualStudioVersion = 17.2.32526.322
MinimumVisualStudioVersion = 10.0.40219.1
Project("{FAE04EC0-301F-11D3-BF4B-00C04F79EFBC}") = "Non-Divisible Subset", "Non-Divisible Subset\Non-Divisible Subset.csproj", "{FCEF6E9F-D67B-4A3B-AF9C-996CEA88ACFD}"
EndProject
Global
	GlobalSection(SolutionConfigurationPlatforms) = preSolution
		Debug|Any CPU = Debug|Any CPU
		Release|Any CPU = Release|Any CPU
	EndGlobalSection
	GlobalSection(ProjectConfigurationPlatforms) = postSolution
		{FCEF6E9F-D67B-4A3B-AF9C-996CEA88ACFD}.Debug|Any CPU.ActiveCfg = Debug|Any CPU
		{FCEF6E9F-D67B-4A3B-AF9C-996CEA88ACFD}.Debug|Any CPU.Build.0 = Debug|Any CPU
		{FCEF6E9F-D67B-4A3B-AF9C-996CEA88ACFD}.Release|Any CPU.ActiveCfg = Release|Any CPU
		{FCEF6E9F-D67B-4A3B-AF9C-996CEA88ACFD}.Release|Any CPU.Build.0 = Release|Any CPU
	EndGlobalSection
	GlobalSection(SolutionProperties) = preSolution
		HideSolutionNode = FALSE
	EndGlobalSection
	GlobalSection(ExtensibilityGlobals) = postSolution
		SolutionGuid = {0B9BF7FE-9239-43CE-A8A1-5A49A8422DD1}
	EndGlobalSection
EndGlobal
